
Microsoft Visual Studio Solution File, Format Version 12.00
# Visual Studio Version 17
VisualStudioVersion = 17.5.002.0
MinimumVisualStudioVersion = 10.0.40219.1
Project("{9A19103F-16F7-4668-BE54-9A1E7A4F7556}") = "SessionWorkshop", "SessionWorkshop.csproj", "{0FFBAE34-9AFA-4683-88AB-6E43F087167C}"
EndProject
Global
	GlobalSection(SolutionConfigurationPlatforms) = preSolution
		Debug|Any CPU = Debug|Any CPU
		Release|Any CPU = Release|Any CPU
	EndGlobalSection
	GlobalSection(ProjectConfigurationPlatforms) = postSolution
		{0FFBAE34-9AFA-4683-88AB-6E43F087167C}.Debug|Any CPU.ActiveCfg = Debug|Any CPU
		{0FFBAE34-9AFA-4683-88AB-6E43F087167C}.Debug|Any CPU.Build.0 = Debug|Any CPU
		{0FFBAE34-9AFA-4683-88AB-6E43F087167C}.Release|Any CPU.ActiveCfg = Release|Any CPU
		{0FFBAE34-9AFA-4683-88AB-6E43F087167C}.Release|Any CPU.Build.0 = Release|Any CPU
	EndGlobalSection
	GlobalSection(SolutionProperties) = preSolution
		HideSolutionNode = FALSE
	EndGlobalSection
	GlobalSection(ExtensibilityGlobals) = postSolution
		SolutionGuid = {5B852FA8-63C0-4B4A-8433-26DA9E702CAD}
	EndGlobalSection
EndGlobal
