
Microsoft Visual Studio Solution File, Format Version 12.00
# Visual Studio Version 17
VisualStudioVersion = 17.5.002.0
MinimumVisualStudioVersion = 10.0.40219.1
Project("{9A19103F-16F7-4668-BE54-9A1E7A4F7556}") = "CRUDelicious", "CRUDelicious.csproj", "{482F6888-20D1-4B67-8D01-ECB07A0464F7}"
EndProject
Global
	GlobalSection(SolutionConfigurationPlatforms) = preSolution
		Debug|Any CPU = Debug|Any CPU
		Release|Any CPU = Release|Any CPU
	EndGlobalSection
	GlobalSection(ProjectConfigurationPlatforms) = postSolution
		{482F6888-20D1-4B67-8D01-ECB07A0464F7}.Debug|Any CPU.ActiveCfg = Debug|Any CPU
		{482F6888-20D1-4B67-8D01-ECB07A0464F7}.Debug|Any CPU.Build.0 = Debug|Any CPU
		{482F6888-20D1-4B67-8D01-ECB07A0464F7}.Release|Any CPU.ActiveCfg = Release|Any CPU
		{482F6888-20D1-4B67-8D01-ECB07A0464F7}.Release|Any CPU.Build.0 = Release|Any CPU
	EndGlobalSection
	GlobalSection(SolutionProperties) = preSolution
		HideSolutionNode = FALSE
	EndGlobalSection
	GlobalSection(ExtensibilityGlobals) = postSolution
		SolutionGuid = {B1896496-2029-4A5E-9056-6DD865005F34}
	EndGlobalSection
EndGlobal
