
Microsoft Visual Studio Solution File, Format Version 12.00
# Visual Studio Version 17
VisualStudioVersion = 17.5.002.0
MinimumVisualStudioVersion = 10.0.40219.1
Project("{9A19103F-16F7-4668-BE54-9A1E7A4F7556}") = "MTMDemo", "MTMDemo.csproj", "{C6305E1F-D241-495C-A001-198654509A47}"
EndProject
Global
	GlobalSection(SolutionConfigurationPlatforms) = preSolution
		Debug|Any CPU = Debug|Any CPU
		Release|Any CPU = Release|Any CPU
	EndGlobalSection
	GlobalSection(ProjectConfigurationPlatforms) = postSolution
		{C6305E1F-D241-495C-A001-198654509A47}.Debug|Any CPU.ActiveCfg = Debug|Any CPU
		{C6305E1F-D241-495C-A001-198654509A47}.Debug|Any CPU.Build.0 = Debug|Any CPU
		{C6305E1F-D241-495C-A001-198654509A47}.Release|Any CPU.ActiveCfg = Release|Any CPU
		{C6305E1F-D241-495C-A001-198654509A47}.Release|Any CPU.Build.0 = Release|Any CPU
	EndGlobalSection
	GlobalSection(SolutionProperties) = preSolution
		HideSolutionNode = FALSE
	EndGlobalSection
	GlobalSection(ExtensibilityGlobals) = postSolution
		SolutionGuid = {BC61F7DD-D836-43DF-AB72-75DFC31B9583}
	EndGlobalSection
EndGlobal
